// !$*UTF8*$!
{
	archiveVersion = 1;
	classes = {
	};
	objectVersion = 55;
	objects = {

/* Begin PBXBuildFile section */
		DA4B0E5127F448B1006F534E /* BLEConcurrencyApp.swift in Sources */ = {isa = PBXBuildFile; fileRef = DA4B0E5027F448B1006F534E /* BLEConcurrencyApp.swift */; };
		DA4B0E5327F448B1006F534E /* ContentView.swift in Sources */ = {isa = PBXBuildFile; fileRef = DA4B0E5227F448B1006F534E /* ContentView.swift */; };
		DA4B0E5527F448B2006F534E /* Assets.xcassets in Resources */ = {isa = PBXBuildFile; fileRef = DA4B0E5427F448B2006F534E /* Assets.xcassets */; };
		DA4B0E5827F448B2006F534E /* Preview Assets.xcassets in Resources */ = {isa = PBXBuildFile; fileRef = DA4B0E5727F448B2006F534E /* Preview Assets.xcassets */; };
		DA4B0E5F27F44BBF006F534E /* AsyncCBCentralManager.swift in Sources */ = {isa = PBXBuildFile; fileRef = DA4B0E5E27F44BBF006F534E /* AsyncCBCentralManager.swift */; };
		DA4B0E6127F4DBFE006F534E /* AsyncCBPeripheral.swift in Sources */ = {isa = PBXBuildFile; fileRef = DA4B0E6027F4DBFE006F534E /* AsyncCBPeripheral.swift */; };
		DA4B0E6527F5E8B0006F534E /* Data extensions.swift in Sources */ = {isa = PBXBuildFile; fileRef = DA4B0E6427F5E8B0006F534E /* Data extensions.swift */; };
		DA4B0E6727F6226C006F534E /* BatteryMonitor.swift in Sources */ = {isa = PBXBuildFile; fileRef = DA4B0E6627F6226C006F534E /* BatteryMonitor.swift */; };
		DAB853B727FD6DDA00ABCB22 /* FCNanoBLESense.swift in Sources */ = {isa = PBXBuildFile; fileRef = DAB853B627FD6DDA00ABCB22 /* FCNanoBLESense.swift */; };
		DAB853BA27FD797300ABCB22 /* SenseView.swift in Sources */ = {isa = PBXBuildFile; fileRef = DAB853B927FD797300ABCB22 /* SenseView.swift */; };
		DAF82C34281BD8AA00238EB6 /* Documentation.docc in Sources */ = {isa = PBXBuildFile; fileRef = DAF82C33281BD8AA00238EB6 /* Documentation.docc */; };
/* End PBXBuildFile section */

/* Begin PBXFileReference section */
		DA4B0E4D27F448B1006F534E /* BLEConcurrency.app */ = {isa = PBXFileReference; explicitFileType = wrapper.application; includeInIndex = 0; path = BLEConcurrency.app; sourceTree = BUILT_PRODUCTS_DIR; };
		DA4B0E5027F448B1006F534E /* BLEConcurrencyApp.swift */ = {isa = PBXFileReference; lastKnownFileType = sourcecode.swift; path = BLEConcurrencyApp.swift; sourceTree = "<group>"; };
		DA4B0E5227F448B1006F534E /* ContentView.swift */ = {isa = PBXFileReference; lastKnownFileType = sourcecode.swift; path = ContentView.swift; sourceTree = "<group>"; };
		DA4B0E5427F448B2006F534E /* Assets.xcassets */ = {isa = PBXFileReference; lastKnownFileType = folder.assetcatalog; path = Assets.xcassets; sourceTree = "<group>"; };
		DA4B0E5727F448B2006F534E /* Preview Assets.xcassets */ = {isa = PBXFileReference; lastKnownFileType = folder.assetcatalog; path = "Preview Assets.xcassets"; sourceTree = "<group>"; };
		DA4B0E5E27F44BBF006F534E /* AsyncCBCentralManager.swift */ = {isa = PBXFileReference; lastKnownFileType = sourcecode.swift; path = AsyncCBCentralManager.swift; sourceTree = "<group>"; };
		DA4B0E6027F4DBFE006F534E /* AsyncCBPeripheral.swift */ = {isa = PBXFileReference; lastKnownFileType = sourcecode.swift; path = AsyncCBPeripheral.swift; sourceTree = "<group>"; };
		DA4B0E6427F5E8B0006F534E /* Data extensions.swift */ = {isa = PBXFileReference; fileEncoding = 4; lastKnownFileType = sourcecode.swift; path = "Data extensions.swift"; sourceTree = "<group>"; };
		DA4B0E6627F6226C006F534E /* BatteryMonitor.swift */ = {isa = PBXFileReference; lastKnownFileType = sourcecode.swift; path = BatteryMonitor.swift; sourceTree = "<group>"; };
		DA777830281BD0B200C0AF4D /* README.md */ = {isa = PBXFileReference; lastKnownFileType = net.daringfireball.markdown; path = README.md; sourceTree = "<group>"; };
		DAB853B627FD6DDA00ABCB22 /* FCNanoBLESense.swift */ = {isa = PBXFileReference; lastKnownFileType = sourcecode.swift; path = FCNanoBLESense.swift; sourceTree = "<group>"; };
		DAB853B827FD6F5C00ABCB22 /* BLE_sense_demo.ino */ = {isa = PBXFileReference; lastKnownFileType = text; path = BLE_sense_demo.ino; sourceTree = "<group>"; };
		DAB853B927FD797300ABCB22 /* SenseView.swift */ = {isa = PBXFileReference; lastKnownFileType = sourcecode.swift; path = SenseView.swift; sourceTree = "<group>"; };
		DAF82C33281BD8AA00238EB6 /* Documentation.docc */ = {isa = PBXFileReference; lastKnownFileType = folder.documentationcatalog; path = Documentation.docc; sourceTree = "<group>"; };
/* End PBXFileReference section */

/* Begin PBXFrameworksBuildPhase section */
		DA4B0E4A27F448B1006F534E /* Frameworks */ = {
			isa = PBXFrameworksBuildPhase;
			buildActionMask = 2147483647;
			files = (
			);
			runOnlyForDeploymentPostprocessing = 0;
		};
/* End PBXFrameworksBuildPhase section */

/* Begin PBXGroup section */
		DA4B0E4427F448B1006F534E = {
			isa = PBXGroup;
			children = (
				DA777830281BD0B200C0AF4D /* README.md */,
				DAB853B827FD6F5C00ABCB22 /* BLE_sense_demo.ino */,
				DA4B0E4F27F448B1006F534E /* BLEConcurrency */,
				DA4B0E4E27F448B1006F534E /* Products */,
			);
			sourceTree = "<group>";
		};
		DA4B0E4E27F448B1006F534E /* Products */ = {
			isa = PBXGroup;
			children = (
				DA4B0E4D27F448B1006F534E /* BLEConcurrency.app */,
			);
			name = Products;
			sourceTree = "<group>";
		};
		DA4B0E4F27F448B1006F534E /* BLEConcurrency */ = {
			isa = PBXGroup;
			children = (
				DA4B0E5027F448B1006F534E /* BLEConcurrencyApp.swift */,
				DA4B0E5227F448B1006F534E /* ContentView.swift */,
				DAB853B927FD797300ABCB22 /* SenseView.swift */,
				DA4B0E5427F448B2006F534E /* Assets.xcassets */,
				DA4B0E5627F448B2006F534E /* Preview Content */,
				DA4B0E5E27F44BBF006F534E /* AsyncCBCentralManager.swift */,
				DA4B0E6027F4DBFE006F534E /* AsyncCBPeripheral.swift */,
				DAB853B627FD6DDA00ABCB22 /* FCNanoBLESense.swift */,
				DA4B0E6627F6226C006F534E /* BatteryMonitor.swift */,
				DAF82C33281BD8AA00238EB6 /* Documentation.docc */,
			);
			path = BLEConcurrency;
			sourceTree = "<group>";
		};
		DA4B0E5627F448B2006F534E /* Preview Content */ = {
			isa = PBXGroup;
			children = (
				DA4B0E6427F5E8B0006F534E /* Data extensions.swift */,
				DA4B0E5727F448B2006F534E /* Preview Assets.xcassets */,
			);
			path = "Preview Content";
			sourceTree = "<group>";
		};
/* End PBXGroup section */

/* Begin PBXNativeTarget section */
		DA4B0E4C27F448B1006F534E /* BLEConcurrency */ = {
			isa = PBXNativeTarget;
			buildConfigurationList = DA4B0E5B27F448B2006F534E /* Build configuration list for PBXNativeTarget "BLEConcurrency" */;
			buildPhases = (
				DA4B0E4927F448B1006F534E /* Sources */,
				DA4B0E4A27F448B1006F534E /* Frameworks */,
				DA4B0E4B27F448B1006F534E /* Resources */,
				DA77782F281BCBE400C0AF4D /* SwiftLint */,
			);
			buildRules = (
			);
			dependencies = (
			);
			name = BLEConcurrency;
			productName = BLEConcurrency;
			productReference = DA4B0E4D27F448B1006F534E /* BLEConcurrency.app */;
			productType = "com.apple.product-type.application";
		};
/* End PBXNativeTarget section */

/* Begin PBXProject section */
		DA4B0E4527F448B1006F534E /* Project object */ = {
			isa = PBXProject;
			attributes = {
				BuildIndependentTargetsInParallel = 1;
				LastSwiftUpdateCheck = 1330;
				LastUpgradeCheck = 1330;
				TargetAttributes = {
					DA4B0E4C27F448B1006F534E = {
						CreatedOnToolsVersion = 13.3;
					};
				};
			};
			buildConfigurationList = DA4B0E4827F448B1006F534E /* Build configuration list for PBXProject "BLEConcurrency" */;
			compatibilityVersion = "Xcode 13.0";
			developmentRegion = en;
			hasScannedForEncodings = 0;
			knownRegions = (
				en,
				Base,
			);
			mainGroup = DA4B0E4427F448B1006F534E;
			productRefGroup = DA4B0E4E27F448B1006F534E /* Products */;
			projectDirPath = "";
			projectRoot = "";
			targets = (
				DA4B0E4C27F448B1006F534E /* BLEConcurrency */,
			);
		};
/* End PBXProject section */

/* Begin PBXResourcesBuildPhase section */
		DA4B0E4B27F448B1006F534E /* Resources */ = {
			isa = PBXResourcesBuildPhase;
			buildActionMask = 2147483647;
			files = (
				DA4B0E5827F448B2006F534E /* Preview Assets.xcassets in Resources */,
				DA4B0E5527F448B2006F534E /* Assets.xcassets in Resources */,
			);
			runOnlyForDeploymentPostprocessing = 0;
		};
/* End PBXResourcesBuildPhase section */

/* Begin PBXShellScriptBuildPhase section */
		DA77782F281BCBE400C0AF4D /* SwiftLint */ = {
			isa = PBXShellScriptBuildPhase;
			buildActionMask = 2147483647;
			files = (
			);
			inputFileListPaths = (
			);
			inputPaths = (
			);
			name = SwiftLint;
			outputFileListPaths = (
			);
			outputPaths = (
			);
			runOnlyForDeploymentPostprocessing = 0;
			shellPath = /bin/sh;
			shellScript = "if which swiftlint >/dev/null; then\nswiftlint\nelse\necho \"warning: SwiftLint not installed, download from https://github.com/realm/SwiftLint\"\nfi\n";
		};
/* End PBXShellScriptBuildPhase section */

/* Begin PBXSourcesBuildPhase section */
		DA4B0E4927F448B1006F534E /* Sources */ = {
			isa = PBXSourcesBuildPhase;
			buildActionMask = 2147483647;
			files = (
				DA4B0E5327F448B1006F534E /* ContentView.swift in Sources */,
				DA4B0E6127F4DBFE006F534E /* AsyncCBPeripheral.swift in Sources */,
				DAB853BA27FD797300ABCB22 /* SenseView.swift in Sources */,
				DAB853B727FD6DDA00ABCB22 /* FCNanoBLESense.swift in Sources */,
				DAF82C34281BD8AA00238EB6 /* Documentation.docc in Sources */,
				DA4B0E5127F448B1006F534E /* BLEConcurrencyApp.swift in Sources */,
				DA4B0E5F27F44BBF006F534E /* AsyncCBCentralManager.swift in Sources */,
				DA4B0E6527F5E8B0006F534E /* Data extensions.swift in Sources */,
				DA4B0E6727F6226C006F534E /* BatteryMonitor.swift in Sources */,
			);
			runOnlyForDeploymentPostprocessing = 0;
		};
/* End PBXSourcesBuildPhase section */

/* Begin XCBuildConfiguration section */
		DA4B0E5927F448B2006F534E /* Debug */ = {
			isa = XCBuildConfiguration;
			buildSettings = {
				ALWAYS_SEARCH_USER_PATHS = NO;
				CLANG_ANALYZER_NONNULL = YES;
				CLANG_ANALYZER_NUMBER_OBJECT_CONVERSION = YES_AGGRESSIVE;
				CLANG_CXX_LANGUAGE_STANDARD = "gnu++17";
				CLANG_ENABLE_MODULES = YES;
				CLANG_ENABLE_OBJC_ARC = YES;
				CLANG_ENABLE_OBJC_WEAK = YES;
				CLANG_WARN_BLOCK_CAPTURE_AUTORELEASING = YES;
				CLANG_WARN_BOOL_CONVERSION = YES;
				CLANG_WARN_COMMA = YES;
				CLANG_WARN_CONSTANT_CONVERSION = YES;
				CLANG_WARN_DEPRECATED_OBJC_IMPLEMENTATIONS = YES;
				CLANG_WARN_DIRECT_OBJC_ISA_USAGE = YES_ERROR;
				CLANG_WARN_DOCUMENTATION_COMMENTS = YES;
				CLANG_WARN_EMPTY_BODY = YES;
				CLANG_WARN_ENUM_CONVERSION = YES;
				CLANG_WARN_INFINITE_RECURSION = YES;
				CLANG_WARN_INT_CONVERSION = YES;
				CLANG_WARN_NON_LITERAL_NULL_CONVERSION = YES;
				CLANG_WARN_OBJC_IMPLICIT_RETAIN_SELF = YES;
				CLANG_WARN_OBJC_LITERAL_CONVERSION = YES;
				CLANG_WARN_OBJC_ROOT_CLASS = YES_ERROR;
				CLANG_WARN_QUOTED_INCLUDE_IN_FRAMEWORK_HEADER = YES;
				CLANG_WARN_RANGE_LOOP_ANALYSIS = YES;
				CLANG_WARN_STRICT_PROTOTYPES = YES;
				CLANG_WARN_SUSPICIOUS_MOVE = YES;
				CLANG_WARN_UNGUARDED_AVAILABILITY = YES_AGGRESSIVE;
				CLANG_WARN_UNREACHABLE_CODE = YES;
				CLANG_WARN__DUPLICATE_METHOD_MATCH = YES;
				COPY_PHASE_STRIP = NO;
				DEBUG_INFORMATION_FORMAT = dwarf;
				ENABLE_STRICT_OBJC_MSGSEND = YES;
				ENABLE_TESTABILITY = YES;
				GCC_C_LANGUAGE_STANDARD = gnu11;
				GCC_DYNAMIC_NO_PIC = NO;
				GCC_NO_COMMON_BLOCKS = YES;
				GCC_OPTIMIZATION_LEVEL = 0;
				GCC_PREPROCESSOR_DEFINITIONS = (
					"DEBUG=1",
					"$(inherited)",
				);
				GCC_WARN_64_TO_32_BIT_CONVERSION = YES;
				GCC_WARN_ABOUT_RETURN_TYPE = YES_ERROR;
				GCC_WARN_UNDECLARED_SELECTOR = YES;
				GCC_WARN_UNINITIALIZED_AUTOS = YES_AGGRESSIVE;
				GCC_WARN_UNUSED_FUNCTION = YES;
				GCC_WARN_UNUSED_VARIABLE = YES;
				IPHONEOS_DEPLOYMENT_TARGET = 15.0;
				MTL_ENABLE_DEBUG_INFO = INCLUDE_SOURCE;
				MTL_FAST_MATH = YES;
				ONLY_ACTIVE_ARCH = YES;
				SDKROOT = iphoneos;
				SWIFT_ACTIVE_COMPILATION_CONDITIONS = DEBUG;
				SWIFT_OPTIMIZATION_LEVEL = "-Onone";
			};
			name = Debug;
		};
		DA4B0E5A27F448B2006F534E /* Release */ = {
			isa = XCBuildConfiguration;
			buildSettings = {
				ALWAYS_SEARCH_USER_PATHS = NO;
				CLANG_ANALYZER_NONNULL = YES;
				CLANG_ANALYZER_NUMBER_OBJECT_CONVERSION = YES_AGGRESSIVE;
				CLANG_CXX_LANGUAGE_STANDARD = "gnu++17";
				CLANG_ENABLE_MODULES = YES;
				CLANG_ENABLE_OBJC_ARC = YES;
				CLANG_ENABLE_OBJC_WEAK = YES;
				CLANG_WARN_BLOCK_CAPTURE_AUTORELEASING = YES;
				CLANG_WARN_BOOL_CONVERSION = YES;
				CLANG_WARN_COMMA = YES;
				CLANG_WARN_CONSTANT_CONVERSION = YES;
				CLANG_WARN_DEPRECATED_OBJC_IMPLEMENTATIONS = YES;
				CLANG_WARN_DIRECT_OBJC_ISA_USAGE = YES_ERROR;
				CLANG_WARN_DOCUMENTATION_COMMENTS = YES;
				CLANG_WARN_EMPTY_BODY = YES;
				CLANG_WARN_ENUM_CONVERSION = YES;
				CLANG_WARN_INFINITE_RECURSION = YES;
				CLANG_WARN_INT_CONVERSION = YES;
				CLANG_WARN_NON_LITERAL_NULL_CONVERSION = YES;
				CLANG_WARN_OBJC_IMPLICIT_RETAIN_SELF = YES;
				CLANG_WARN_OBJC_LITERAL_CONVERSION = YES;
				CLANG_WARN_OBJC_ROOT_CLASS = YES_ERROR;
				CLANG_WARN_QUOTED_INCLUDE_IN_FRAMEWORK_HEADER = YES;
				CLANG_WARN_RANGE_LOOP_ANALYSIS = YES;
				CLANG_WARN_STRICT_PROTOTYPES = YES;
				CLANG_WARN_SUSPICIOUS_MOVE = YES;
				CLANG_WARN_UNGUARDED_AVAILABILITY = YES_AGGRESSIVE;
				CLANG_WARN_UNREACHABLE_CODE = YES;
				CLANG_WARN__DUPLICATE_METHOD_MATCH = YES;
				COPY_PHASE_STRIP = NO;
				DEBUG_INFORMATION_FORMAT = "dwarf-with-dsym";
				ENABLE_NS_ASSERTIONS = NO;
				ENABLE_STRICT_OBJC_MSGSEND = YES;
				GCC_C_LANGUAGE_STANDARD = gnu11;
				GCC_NO_COMMON_BLOCKS = YES;
				GCC_WARN_64_TO_32_BIT_CONVERSION = YES;
				GCC_WARN_ABOUT_RETURN_TYPE = YES_ERROR;
				GCC_WARN_UNDECLARED_SELECTOR = YES;
				GCC_WARN_UNINITIALIZED_AUTOS = YES_AGGRESSIVE;
				GCC_WARN_UNUSED_FUNCTION = YES;
				GCC_WARN_UNUSED_VARIABLE = YES;
				IPHONEOS_DEPLOYMENT_TARGET = 15.0;
				MTL_ENABLE_DEBUG_INFO = NO;
				MTL_FAST_MATH = YES;
				SDKROOT = iphoneos;
				SWIFT_COMPILATION_MODE = wholemodule;
				SWIFT_OPTIMIZATION_LEVEL = "-O";
				VALIDATE_PRODUCT = YES;
			};
			name = Release;
		};
		DA4B0E5C27F448B2006F534E /* Debug */ = {
			isa = XCBuildConfiguration;
			buildSettings = {
				ASSETCATALOG_COMPILER_APPICON_NAME = AppIcon;
				ASSETCATALOG_COMPILER_GLOBAL_ACCENT_COLOR_NAME = AccentColor;
				CODE_SIGN_STYLE = Automatic;
				CURRENT_PROJECT_VERSION = 1;
				DEVELOPMENT_ASSET_PATHS = "\"BLEConcurrency/Preview Content\"";
				DEVELOPMENT_TEAM = AX3K8VES64;
				ENABLE_PREVIEWS = YES;
				GENERATE_INFOPLIST_FILE = YES;
				INFOPLIST_KEY_NSBluetoothAlwaysUsageDescription = "Need som ok from you";
				INFOPLIST_KEY_UIApplicationSceneManifest_Generation = YES;
				INFOPLIST_KEY_UIApplicationSupportsIndirectInputEvents = YES;
				INFOPLIST_KEY_UILaunchScreen_Generation = YES;
				INFOPLIST_KEY_UISupportedInterfaceOrientations_iPad = "UIInterfaceOrientationPortrait UIInterfaceOrientationPortraitUpsideDown UIInterfaceOrientationLandscapeLeft UIInterfaceOrientationLandscapeRight";
				INFOPLIST_KEY_UISupportedInterfaceOrientations_iPhone = "UIInterfaceOrientationPortrait UIInterfaceOrientationLandscapeLeft UIInterfaceOrientationLandscapeRight";
				LD_RUNPATH_SEARCH_PATHS = (
					"$(inherited)",
					"@executable_path/Frameworks",
				);
				MARKETING_VERSION = 1.0;
				PRODUCT_BUNDLE_IDENTIFIER = com.friisconsult.BLEConcurrency;
				PRODUCT_NAME = "$(TARGET_NAME)";
				SWIFT_EMIT_LOC_STRINGS = YES;
				SWIFT_VERSION = 5.0;
				TARGETED_DEVICE_FAMILY = "1,2";
			};
			name = Debug;
		};
		DA4B0E5D27F448B2006F534E /* Release */ = {
			isa = XCBuildConfiguration;
			buildSettings = {
				ASSETCATALOG_COMPILER_APPICON_NAME = AppIcon;
				ASSETCATALOG_COMPILER_GLOBAL_ACCENT_COLOR_NAME = AccentColor;
				CODE_SIGN_STYLE = Automatic;
				CURRENT_PROJECT_VERSION = 1;
				DEVELOPMENT_ASSET_PATHS = "\"BLEConcurrency/Preview Content\"";
				DEVELOPMENT_TEAM = AX3K8VES64;
				ENABLE_PREVIEWS = YES;
				GENERATE_INFOPLIST_FILE = YES;
				INFOPLIST_KEY_NSBluetoothAlwaysUsageDescription = "Need som ok from you";
				INFOPLIST_KEY_UIApplicationSceneManifest_Generation = YES;
				INFOPLIST_KEY_UIApplicationSupportsIndirectInputEvents = YES;
				INFOPLIST_KEY_UILaunchScreen_Generation = YES;
				INFOPLIST_KEY_UISupportedInterfaceOrientations_iPad = "UIInterfaceOrientationPortrait UIInterfaceOrientationPortraitUpsideDown UIInterfaceOrientationLandscapeLeft UIInterfaceOrientationLandscapeRight";
				INFOPLIST_KEY_UISupportedInterfaceOrientations_iPhone = "UIInterfaceOrientationPortrait UIInterfaceOrientationLandscapeLeft UIInterfaceOrientationLandscapeRight";
				LD_RUNPATH_SEARCH_PATHS = (
					"$(inherited)",
					"@executable_path/Frameworks",
				);
				MARKETING_VERSION = 1.0;
				PRODUCT_BUNDLE_IDENTIFIER = com.friisconsult.BLEConcurrency;
				PRODUCT_NAME = "$(TARGET_NAME)";
				SWIFT_EMIT_LOC_STRINGS = YES;
				SWIFT_VERSION = 5.0;
				TARGETED_DEVICE_FAMILY = "1,2";
			};
			name = Release;
		};
/* End XCBuildConfiguration section */

/* Begin XCConfigurationList section */
		DA4B0E4827F448B1006F534E /* Build configuration list for PBXProject "BLEConcurrency" */ = {
			isa = XCConfigurationList;
			buildConfigurations = (
				DA4B0E5927F448B2006F534E /* Debug */,
				DA4B0E5A27F448B2006F534E /* Release */,
			);
			defaultConfigurationIsVisible = 0;
			defaultConfigurationName = Release;
		};
		DA4B0E5B27F448B2006F534E /* Build configuration list for PBXNativeTarget "BLEConcurrency" */ = {
			isa = XCConfigurationList;
			buildConfigurations = (
				DA4B0E5C27F448B2006F534E /* Debug */,
				DA4B0E5D27F448B2006F534E /* Release */,
			);
			defaultConfigurationIsVisible = 0;
			defaultConfigurationName = Release;
		};
/* End XCConfigurationList section */
	};
	rootObject = DA4B0E4527F448B1006F534E /* Project object */;
}
